
Microsoft Visual Studio Solution File, Format Version 12.00
# Visual Studio 15
VisualStudioVersion = 15.0.28307.489
MinimumVisualStudioVersion = 10.0.40219.1
Project("{9A19103F-16F7-4668-BE54-9A1E7A4F7556}") = "Simple.ShoppingBasket.API", "Simple.ShoppingBasket.API\Simple.ShoppingBasket.API.csproj", "{68081923-B9DE-4E0C-BD77-93D06E6B9A54}"
EndProject
Project("{FAE04EC0-301F-11D3-BF4B-00C04F79EFBC}") = "Simple.ShoppingBasket.API.Core", "Simple.ShoppingBasket.API.Core\Simple.ShoppingBasket.API.Core.csproj", "{29DA9D5A-46B2-4983-9F6A-928438AAAAFF}"
EndProject
Project("{FAE04EC0-301F-11D3-BF4B-00C04F79EFBC}") = "Simple.ShoppingBasket.API.Core.Tests", "Simple.ShoppingBasket.API.Core.Tests\Simple.ShoppingBasket.API.Core.Tests.csproj", "{D364D016-C00D-40E3-98B6-E6709EBFE028}"
EndProject
Project("{2150E333-8FDC-42A3-9474-1A3956D46DE8}") = "API", "API", "{FF5A22A1-1C43-4877-A431-A568BC979C46}"
EndProject
Project("{2150E333-8FDC-42A3-9474-1A3956D46DE8}") = "Client", "Client", "{C22DD32C-AD2B-45DC-97CF-D6E433495A3C}"
EndProject
Project("{FAE04EC0-301F-11D3-BF4B-00C04F79EFBC}") = "Simple.ShoppingBasket.Client", "Simple.ShoppingBasket.Client\Simple.ShoppingBasket.Client.csproj", "{A29B1D5A-70B1-4323-93E8-0F0FC61AE7C1}"
EndProject
Project("{FAE04EC0-301F-11D3-BF4B-00C04F79EFBC}") = "Simple.ShoppingBasket.Client.Core", "Simple.ShoppingBasket.Client.Core\Simple.ShoppingBasket.Client.Core.csproj", "{1F96C702-A012-4833-AD7C-8622CAA81433}"
EndProject
Project("{FAE04EC0-301F-11D3-BF4B-00C04F79EFBC}") = "Simple.ShoppingBasket.Dto", "Simple.ShoppingBasket.Dto\Simple.ShoppingBasket.Dto.csproj", "{8A263780-3F64-405C-ACA2-5598A77A756F}"
EndProject
Global
	GlobalSection(SolutionConfigurationPlatforms) = preSolution
		Debug|Any CPU = Debug|Any CPU
		Release|Any CPU = Release|Any CPU
	EndGlobalSection
	GlobalSection(ProjectConfigurationPlatforms) = postSolution
		{68081923-B9DE-4E0C-BD77-93D06E6B9A54}.Debug|Any CPU.ActiveCfg = Debug|Any CPU
		{68081923-B9DE-4E0C-BD77-93D06E6B9A54}.Debug|Any CPU.Build.0 = Debug|Any CPU
		{68081923-B9DE-4E0C-BD77-93D06E6B9A54}.Release|Any CPU.ActiveCfg = Release|Any CPU
		{68081923-B9DE-4E0C-BD77-93D06E6B9A54}.Release|Any CPU.Build.0 = Release|Any CPU
		{29DA9D5A-46B2-4983-9F6A-928438AAAAFF}.Debug|Any CPU.ActiveCfg = Debug|Any CPU
		{29DA9D5A-46B2-4983-9F6A-928438AAAAFF}.Debug|Any CPU.Build.0 = Debug|Any CPU
		{29DA9D5A-46B2-4983-9F6A-928438AAAAFF}.Release|Any CPU.ActiveCfg = Release|Any CPU
		{29DA9D5A-46B2-4983-9F6A-928438AAAAFF}.Release|Any CPU.Build.0 = Release|Any CPU
		{D364D016-C00D-40E3-98B6-E6709EBFE028}.Debug|Any CPU.ActiveCfg = Debug|Any CPU
		{D364D016-C00D-40E3-98B6-E6709EBFE028}.Debug|Any CPU.Build.0 = Debug|Any CPU
		{D364D016-C00D-40E3-98B6-E6709EBFE028}.Release|Any CPU.ActiveCfg = Release|Any CPU
		{D364D016-C00D-40E3-98B6-E6709EBFE028}.Release|Any CPU.Build.0 = Release|Any CPU
		{A29B1D5A-70B1-4323-93E8-0F0FC61AE7C1}.Debug|Any CPU.ActiveCfg = Debug|Any CPU
		{A29B1D5A-70B1-4323-93E8-0F0FC61AE7C1}.Debug|Any CPU.Build.0 = Debug|Any CPU
		{A29B1D5A-70B1-4323-93E8-0F0FC61AE7C1}.Release|Any CPU.ActiveCfg = Release|Any CPU
		{A29B1D5A-70B1-4323-93E8-0F0FC61AE7C1}.Release|Any CPU.Build.0 = Release|Any CPU
		{1F96C702-A012-4833-AD7C-8622CAA81433}.Debug|Any CPU.ActiveCfg = Debug|Any CPU
		{1F96C702-A012-4833-AD7C-8622CAA81433}.Debug|Any CPU.Build.0 = Debug|Any CPU
		{1F96C702-A012-4833-AD7C-8622CAA81433}.Release|Any CPU.ActiveCfg = Release|Any CPU
		{1F96C702-A012-4833-AD7C-8622CAA81433}.Release|Any CPU.Build.0 = Release|Any CPU
		{8A263780-3F64-405C-ACA2-5598A77A756F}.Debug|Any CPU.ActiveCfg = Debug|Any CPU
		{8A263780-3F64-405C-ACA2-5598A77A756F}.Debug|Any CPU.Build.0 = Debug|Any CPU
		{8A263780-3F64-405C-ACA2-5598A77A756F}.Release|Any CPU.ActiveCfg = Release|Any CPU
		{8A263780-3F64-405C-ACA2-5598A77A756F}.Release|Any CPU.Build.0 = Release|Any CPU
	EndGlobalSection
	GlobalSection(SolutionProperties) = preSolution
		HideSolutionNode = FALSE
	EndGlobalSection
	GlobalSection(NestedProjects) = preSolution
		{68081923-B9DE-4E0C-BD77-93D06E6B9A54} = {FF5A22A1-1C43-4877-A431-A568BC979C46}
		{29DA9D5A-46B2-4983-9F6A-928438AAAAFF} = {FF5A22A1-1C43-4877-A431-A568BC979C46}
		{D364D016-C00D-40E3-98B6-E6709EBFE028} = {FF5A22A1-1C43-4877-A431-A568BC979C46}
		{A29B1D5A-70B1-4323-93E8-0F0FC61AE7C1} = {C22DD32C-AD2B-45DC-97CF-D6E433495A3C}
		{1F96C702-A012-4833-AD7C-8622CAA81433} = {C22DD32C-AD2B-45DC-97CF-D6E433495A3C}
		{8A263780-3F64-405C-ACA2-5598A77A756F} = {FF5A22A1-1C43-4877-A431-A568BC979C46}
	EndGlobalSection
	GlobalSection(ExtensibilityGlobals) = postSolution
		SolutionGuid = {1F884456-E0E3-49E9-A5A9-698764081265}
	EndGlobalSection
EndGlobal
